
Microsoft Visual Studio Solution File, Format Version 12.00
# Visual Studio Version 16
VisualStudioVersion = 16.0.30717.126
MinimumVisualStudioVersion = 10.0.40219.1
Project("{FAE04EC0-301F-11D3-BF4B-00C04F79EFBC}") = "DapperExample", "DapperExample\DapperExample.csproj", "{1822BF69-5634-4786-8A96-DE208122CE97}"
EndProject
Global
	GlobalSection(SolutionConfigurationPlatforms) = preSolution
		Debug|Any CPU = Debug|Any CPU
		Release|Any CPU = Release|Any CPU
	EndGlobalSection
	GlobalSection(ProjectConfigurationPlatforms) = postSolution
		{1822BF69-5634-4786-8A96-DE208122CE97}.Debug|Any CPU.ActiveCfg = Debug|Any CPU
		{1822BF69-5634-4786-8A96-DE208122CE97}.Debug|Any CPU.Build.0 = Debug|Any CPU
		{1822BF69-5634-4786-8A96-DE208122CE97}.Release|Any CPU.ActiveCfg = Release|Any CPU
		{1822BF69-5634-4786-8A96-DE208122CE97}.Release|Any CPU.Build.0 = Release|Any CPU
	EndGlobalSection
	GlobalSection(SolutionProperties) = preSolution
		HideSolutionNode = FALSE
	EndGlobalSection
	GlobalSection(ExtensibilityGlobals) = postSolution
		SolutionGuid = {F81A8FFF-BEB8-4B1B-AB36-288D5D0CF2BD}
	EndGlobalSection
EndGlobal
